
Microsoft Visual Studio Solution File, Format Version 12.00
# Visual Studio Version 17
VisualStudioVersion = 17.1.32414.318
MinimumVisualStudioVersion = 10.0.40219.1
Project("{FAE04EC0-301F-11D3-BF4B-00C04F79EFBC}") = "DataAdapterPrac", "DataAdapterPrac\DataAdapterPrac.csproj", "{6FCD8420-0AFC-4F30-928A-530A95120924}"
EndProject
Global
	GlobalSection(SolutionConfigurationPlatforms) = preSolution
		Debug|Any CPU = Debug|Any CPU
		Release|Any CPU = Release|Any CPU
	EndGlobalSection
	GlobalSection(ProjectConfigurationPlatforms) = postSolution
		{6FCD8420-0AFC-4F30-928A-530A95120924}.Debug|Any CPU.ActiveCfg = Debug|Any CPU
		{6FCD8420-0AFC-4F30-928A-530A95120924}.Debug|Any CPU.Build.0 = Debug|Any CPU
		{6FCD8420-0AFC-4F30-928A-530A95120924}.Release|Any CPU.ActiveCfg = Release|Any CPU
		{6FCD8420-0AFC-4F30-928A-530A95120924}.Release|Any CPU.Build.0 = Release|Any CPU
	EndGlobalSection
	GlobalSection(SolutionProperties) = preSolution
		HideSolutionNode = FALSE
	EndGlobalSection
	GlobalSection(ExtensibilityGlobals) = postSolution
		SolutionGuid = {C889E1D9-7B67-4C2B-96C9-86F592556389}
	EndGlobalSection
EndGlobal
